<Solution>
  <Project Path="BVN1/BVN1.csproj" />
  <Project Path="BVN2/MyApp/MyApp.csproj" Id="65887e5a-de87-438f-9915-3c90d765b26c" />
  <Project Path="BVN2/MyAppMVC/MyAppMVC.csproj" Id="6ac1131a-a041-44b3-a36c-f472a0e92ab3" />
  <Project Path="BVN3/NvaLessson3/NvaLessson3.csproj" Id="e3ad0307-fde7-45f3-bdcb-eee8536841b1" />
  <Project Path="BVN4/BVN4.csproj" Id="b4a242fd-26dd-4824-a86c-1939717393c1" />
</Solution>
